
Microsoft Visual Studio Solution File, Format Version 12.00
# Visual Studio Version 16
VisualStudioVersion = 16.0.31624.102
MinimumVisualStudioVersion = 10.0.40219.1
Project("{2150E333-8FDC-42A3-9474-1A3956D46DE8}") = "Services", "Services", "{4A4072C7-1D90-4DE2-B66C-CAC8FCEEFB40}"
EndProject
Project("{2150E333-8FDC-42A3-9474-1A3956D46DE8}") = "Catalog", "Catalog", "{80CCA63C-0BF0-415A-BCAB-0B8BB2EC7C83}"
EndProject
Project("{9A19103F-16F7-4668-BE54-9A1E7A4F7556}") = "Catalog.API", "Services\Catalog\Catalog.API\Catalog.API.csproj", "{EA3E89B7-DE3B-476D-A507-54C9EC1CEA68}"
EndProject
Project("{E53339B2-1760-4266-BCC7-CA923CBCF16C}") = "docker-compose", "docker-compose.dcproj", "{C3719E1D-8DE9-4F56-9332-E4D734387B08}"
EndProject
Project("{2150E333-8FDC-42A3-9474-1A3956D46DE8}") = "Basket", "Basket", "{672759AA-AB17-474F-9062-DAF95A06B184}"
EndProject
Project("{FAE04EC0-301F-11D3-BF4B-00C04F79EFBC}") = "Basket.API", "Services\Basket\Basket.API\Basket.API.csproj", "{BD6D83F5-FB68-4944-BBF1-CE445394AE22}"
EndProject
Global
	GlobalSection(SolutionConfigurationPlatforms) = preSolution
		Debug|Any CPU = Debug|Any CPU
		Release|Any CPU = Release|Any CPU
	EndGlobalSection
	GlobalSection(ProjectConfigurationPlatforms) = postSolution
		{EA3E89B7-DE3B-476D-A507-54C9EC1CEA68}.Debug|Any CPU.ActiveCfg = Debug|Any CPU
		{EA3E89B7-DE3B-476D-A507-54C9EC1CEA68}.Debug|Any CPU.Build.0 = Debug|Any CPU
		{EA3E89B7-DE3B-476D-A507-54C9EC1CEA68}.Release|Any CPU.ActiveCfg = Release|Any CPU
		{EA3E89B7-DE3B-476D-A507-54C9EC1CEA68}.Release|Any CPU.Build.0 = Release|Any CPU
		{C3719E1D-8DE9-4F56-9332-E4D734387B08}.Debug|Any CPU.ActiveCfg = Debug|Any CPU
		{C3719E1D-8DE9-4F56-9332-E4D734387B08}.Debug|Any CPU.Build.0 = Debug|Any CPU
		{C3719E1D-8DE9-4F56-9332-E4D734387B08}.Release|Any CPU.ActiveCfg = Release|Any CPU
		{C3719E1D-8DE9-4F56-9332-E4D734387B08}.Release|Any CPU.Build.0 = Release|Any CPU
		{BD6D83F5-FB68-4944-BBF1-CE445394AE22}.Debug|Any CPU.ActiveCfg = Debug|Any CPU
		{BD6D83F5-FB68-4944-BBF1-CE445394AE22}.Debug|Any CPU.Build.0 = Debug|Any CPU
		{BD6D83F5-FB68-4944-BBF1-CE445394AE22}.Release|Any CPU.ActiveCfg = Release|Any CPU
		{BD6D83F5-FB68-4944-BBF1-CE445394AE22}.Release|Any CPU.Build.0 = Release|Any CPU
	EndGlobalSection
	GlobalSection(SolutionProperties) = preSolution
		HideSolutionNode = FALSE
	EndGlobalSection
	GlobalSection(NestedProjects) = preSolution
		{80CCA63C-0BF0-415A-BCAB-0B8BB2EC7C83} = {4A4072C7-1D90-4DE2-B66C-CAC8FCEEFB40}
		{EA3E89B7-DE3B-476D-A507-54C9EC1CEA68} = {80CCA63C-0BF0-415A-BCAB-0B8BB2EC7C83}
		{672759AA-AB17-474F-9062-DAF95A06B184} = {4A4072C7-1D90-4DE2-B66C-CAC8FCEEFB40}
		{BD6D83F5-FB68-4944-BBF1-CE445394AE22} = {672759AA-AB17-474F-9062-DAF95A06B184}
	EndGlobalSection
	GlobalSection(ExtensibilityGlobals) = postSolution
		SolutionGuid = {C09D4E73-FB55-40AC-91CD-5E972EA0ACE4}
	EndGlobalSection
EndGlobal
